
Microsoft Visual Studio Solution File, Format Version 12.00
# Visual Studio Version 17
VisualStudioVersion = 17.6.33723.286
MinimumVisualStudioVersion = 10.0.40219.1
Project("{2150E333-8FDC-42A3-9474-1A3956D46DE8}") = "src", "src", "{B0081F5B-4C18-4BAE-BD35-7CD347D4ECCE}"
EndProject
Project("{2150E333-8FDC-42A3-9474-1A3956D46DE8}") = "Core", "Core", "{063ABB41-AEBA-422E-9E5D-9DE82B6BC222}"
EndProject
Project("{9A19103F-16F7-4668-BE54-9A1E7A4F7556}") = "Lms.Domain", "src\Core\ProductExample.Domain\Lms.Domain.csproj", "{E6FE6584-BCF7-4021-8C8B-835FE572FEDA}"
EndProject
Project("{9A19103F-16F7-4668-BE54-9A1E7A4F7556}") = "Lms.Application", "src\Core\ProductExample.Application\Lms.Application.csproj", "{EF3FE9D3-1F68-4E70-9AAE-4D45829A18F9}"
EndProject
Project("{2150E333-8FDC-42A3-9474-1A3956D46DE8}") = "Infrastructure", "Infrastructure", "{4FFAD83D-2557-4582-8B51-98D4BDA48EC1}"
EndProject
Project("{9A19103F-16F7-4668-BE54-9A1E7A4F7556}") = "Lms.Persistence", "src\Infrastructure\ProductExample.Persistence\Lms.Persistence.csproj", "{2A00C03F-0D40-42E7-8FE8-5C0A97E2A8FD}"
EndProject
Project("{9A19103F-16F7-4668-BE54-9A1E7A4F7556}") = "Lms.Infrastructure", "src\Infrastructure\ProductExample.Infrastructure\Lms.Infrastructure.csproj", "{3044A8DE-ECB5-4972-89D3-F6EACCCDFC20}"
EndProject
Project("{2150E333-8FDC-42A3-9474-1A3956D46DE8}") = "Presentation", "Presentation", "{96137ED0-DF67-4329-99BB-B259B6775221}"
EndProject
Project("{9A19103F-16F7-4668-BE54-9A1E7A4F7556}") = "Lms.WebAPI", "src\Presentation\ProductExample.WebAPI\Lms.WebAPI.csproj", "{73CAF8B4-C614-48F0-877F-7198601C0C07}"
EndProject
Project("{2150E333-8FDC-42A3-9474-1A3956D46DE8}") = "Common", "Common", "{81E8A035-82A3-42E7-A1B4-1FC2D695A040}"
EndProject
Project("{2150E333-8FDC-42A3-9474-1A3956D46DE8}") = "Infrastructure", "Infrastructure", "{F084A557-90FF-4ADA-802D-661E1298C01D}"
EndProject
Project("{2150E333-8FDC-42A3-9474-1A3956D46DE8}") = "Core", "Core", "{76A77DCE-C031-42BB-8EA2-18482AB1FA1A}"
EndProject
Project("{9A19103F-16F7-4668-BE54-9A1E7A4F7556}") = "Lms.Comman.Domain", "src\Common\Core\Lms.Common.Domain\Lms.Comman.Domain.csproj", "{1D6DE454-AB35-470D-8909-E6F38126AEEB}"
EndProject
Project("{9A19103F-16F7-4668-BE54-9A1E7A4F7556}") = "Lms.Comman.Application", "src\Common\Core\Lms.Common.Application\Lms.Comman.Application.csproj", "{BB589405-79D6-43EA-A5EA-AF7FCBF1A59F}"
EndProject
Project("{9A19103F-16F7-4668-BE54-9A1E7A4F7556}") = "Lms.Comman.Persistence", "src\Common\Infrastructure\Lms.Comman.Persistence\Lms.Comman.Persistence.csproj", "{AE53594D-A984-44A8-B192-8005543EC157}"
EndProject
Global
	GlobalSection(SolutionConfigurationPlatforms) = preSolution
		Debug|Any CPU = Debug|Any CPU
		Release|Any CPU = Release|Any CPU
	EndGlobalSection
	GlobalSection(ProjectConfigurationPlatforms) = postSolution
		{E6FE6584-BCF7-4021-8C8B-835FE572FEDA}.Debug|Any CPU.ActiveCfg = Debug|Any CPU
		{E6FE6584-BCF7-4021-8C8B-835FE572FEDA}.Debug|Any CPU.Build.0 = Debug|Any CPU
		{E6FE6584-BCF7-4021-8C8B-835FE572FEDA}.Release|Any CPU.ActiveCfg = Release|Any CPU
		{E6FE6584-BCF7-4021-8C8B-835FE572FEDA}.Release|Any CPU.Build.0 = Release|Any CPU
		{EF3FE9D3-1F68-4E70-9AAE-4D45829A18F9}.Debug|Any CPU.ActiveCfg = Debug|Any CPU
		{EF3FE9D3-1F68-4E70-9AAE-4D45829A18F9}.Debug|Any CPU.Build.0 = Debug|Any CPU
		{EF3FE9D3-1F68-4E70-9AAE-4D45829A18F9}.Release|Any CPU.ActiveCfg = Release|Any CPU
		{EF3FE9D3-1F68-4E70-9AAE-4D45829A18F9}.Release|Any CPU.Build.0 = Release|Any CPU
		{2A00C03F-0D40-42E7-8FE8-5C0A97E2A8FD}.Debug|Any CPU.ActiveCfg = Debug|Any CPU
		{2A00C03F-0D40-42E7-8FE8-5C0A97E2A8FD}.Debug|Any CPU.Build.0 = Debug|Any CPU
		{2A00C03F-0D40-42E7-8FE8-5C0A97E2A8FD}.Release|Any CPU.ActiveCfg = Release|Any CPU
		{2A00C03F-0D40-42E7-8FE8-5C0A97E2A8FD}.Release|Any CPU.Build.0 = Release|Any CPU
		{3044A8DE-ECB5-4972-89D3-F6EACCCDFC20}.Debug|Any CPU.ActiveCfg = Debug|Any CPU
		{3044A8DE-ECB5-4972-89D3-F6EACCCDFC20}.Debug|Any CPU.Build.0 = Debug|Any CPU
		{3044A8DE-ECB5-4972-89D3-F6EACCCDFC20}.Release|Any CPU.ActiveCfg = Release|Any CPU
		{3044A8DE-ECB5-4972-89D3-F6EACCCDFC20}.Release|Any CPU.Build.0 = Release|Any CPU
		{73CAF8B4-C614-48F0-877F-7198601C0C07}.Debug|Any CPU.ActiveCfg = Debug|Any CPU
		{73CAF8B4-C614-48F0-877F-7198601C0C07}.Debug|Any CPU.Build.0 = Debug|Any CPU
		{73CAF8B4-C614-48F0-877F-7198601C0C07}.Release|Any CPU.ActiveCfg = Release|Any CPU
		{73CAF8B4-C614-48F0-877F-7198601C0C07}.Release|Any CPU.Build.0 = Release|Any CPU
		{1D6DE454-AB35-470D-8909-E6F38126AEEB}.Debug|Any CPU.ActiveCfg = Debug|Any CPU
		{1D6DE454-AB35-470D-8909-E6F38126AEEB}.Debug|Any CPU.Build.0 = Debug|Any CPU
		{1D6DE454-AB35-470D-8909-E6F38126AEEB}.Release|Any CPU.ActiveCfg = Release|Any CPU
		{1D6DE454-AB35-470D-8909-E6F38126AEEB}.Release|Any CPU.Build.0 = Release|Any CPU
		{BB589405-79D6-43EA-A5EA-AF7FCBF1A59F}.Debug|Any CPU.ActiveCfg = Debug|Any CPU
		{BB589405-79D6-43EA-A5EA-AF7FCBF1A59F}.Debug|Any CPU.Build.0 = Debug|Any CPU
		{BB589405-79D6-43EA-A5EA-AF7FCBF1A59F}.Release|Any CPU.ActiveCfg = Release|Any CPU
		{BB589405-79D6-43EA-A5EA-AF7FCBF1A59F}.Release|Any CPU.Build.0 = Release|Any CPU
		{AE53594D-A984-44A8-B192-8005543EC157}.Debug|Any CPU.ActiveCfg = Debug|Any CPU
		{AE53594D-A984-44A8-B192-8005543EC157}.Debug|Any CPU.Build.0 = Debug|Any CPU
		{AE53594D-A984-44A8-B192-8005543EC157}.Release|Any CPU.ActiveCfg = Release|Any CPU
		{AE53594D-A984-44A8-B192-8005543EC157}.Release|Any CPU.Build.0 = Release|Any CPU
	EndGlobalSection
	GlobalSection(SolutionProperties) = preSolution
		HideSolutionNode = FALSE
	EndGlobalSection
	GlobalSection(NestedProjects) = preSolution
		{063ABB41-AEBA-422E-9E5D-9DE82B6BC222} = {B0081F5B-4C18-4BAE-BD35-7CD347D4ECCE}
		{E6FE6584-BCF7-4021-8C8B-835FE572FEDA} = {063ABB41-AEBA-422E-9E5D-9DE82B6BC222}
		{EF3FE9D3-1F68-4E70-9AAE-4D45829A18F9} = {063ABB41-AEBA-422E-9E5D-9DE82B6BC222}
		{4FFAD83D-2557-4582-8B51-98D4BDA48EC1} = {B0081F5B-4C18-4BAE-BD35-7CD347D4ECCE}
		{2A00C03F-0D40-42E7-8FE8-5C0A97E2A8FD} = {4FFAD83D-2557-4582-8B51-98D4BDA48EC1}
		{3044A8DE-ECB5-4972-89D3-F6EACCCDFC20} = {4FFAD83D-2557-4582-8B51-98D4BDA48EC1}
		{96137ED0-DF67-4329-99BB-B259B6775221} = {B0081F5B-4C18-4BAE-BD35-7CD347D4ECCE}
		{73CAF8B4-C614-48F0-877F-7198601C0C07} = {96137ED0-DF67-4329-99BB-B259B6775221}
		{81E8A035-82A3-42E7-A1B4-1FC2D695A040} = {B0081F5B-4C18-4BAE-BD35-7CD347D4ECCE}
		{F084A557-90FF-4ADA-802D-661E1298C01D} = {81E8A035-82A3-42E7-A1B4-1FC2D695A040}
		{76A77DCE-C031-42BB-8EA2-18482AB1FA1A} = {81E8A035-82A3-42E7-A1B4-1FC2D695A040}
		{1D6DE454-AB35-470D-8909-E6F38126AEEB} = {76A77DCE-C031-42BB-8EA2-18482AB1FA1A}
		{BB589405-79D6-43EA-A5EA-AF7FCBF1A59F} = {76A77DCE-C031-42BB-8EA2-18482AB1FA1A}
		{AE53594D-A984-44A8-B192-8005543EC157} = {F084A557-90FF-4ADA-802D-661E1298C01D}
	EndGlobalSection
	GlobalSection(ExtensibilityGlobals) = postSolution
		SolutionGuid = {B5491A1B-ECA9-4E70-AE99-853A2A558113}
	EndGlobalSection
EndGlobal
